// !$*UTF8*$!
{
	archiveVersion = 1;
	classes = {
	};
	objectVersion = 46;
	objects = {

/* Begin PBXBuildFile section */
		0C13B5EA184F88C1007FBA27 /* Foundation.framework in Frameworks */ = {isa = PBXBuildFile; fileRef = 0C13B5E9184F88C1007FBA27 /* Foundation.framework */; };
		0C13B5EC184F88C1007FBA27 /* CoreGraphics.framework in Frameworks */ = {isa = PBXBuildFile; fileRef = 0C13B5EB184F88C1007FBA27 /* CoreGraphics.framework */; };
		0C13B5EE184F88C1007FBA27 /* UIKit.framework in Frameworks */ = {isa = PBXBuildFile; fileRef = 0C13B5ED184F88C1007FBA27 /* UIKit.framework */; };
		0C13B5F4184F88C1007FBA27 /* InfoPlist.strings in Resources */ = {isa = PBXBuildFile; fileRef = 0C13B5F2184F88C1007FBA27 /* InfoPlist.strings */; };
		0C13B5F6184F88C1007FBA27 /* main.m in Sources */ = {isa = PBXBuildFile; fileRef = 0C13B5F5184F88C1007FBA27 /* main.m */; };
		0C13B5FA184F88C1007FBA27 /* OCAppDelegate.m in Sources */ = {isa = PBXBuildFile; fileRef = 0C13B5F9184F88C1007FBA27 /* OCAppDelegate.m */; };
		0C13B5FC184F88C1007FBA27 /* Images.xcassets in Resources */ = {isa = PBXBuildFile; fileRef = 0C13B5FB184F88C1007FBA27 /* Images.xcassets */; };
		0C13B603184F88C1007FBA27 /* XCTest.framework in Frameworks */ = {isa = PBXBuildFile; fileRef = 0C13B602184F88C1007FBA27 /* XCTest.framework */; };
		0C13B604184F88C1007FBA27 /* Foundation.framework in Frameworks */ = {isa = PBXBuildFile; fileRef = 0C13B5E9184F88C1007FBA27 /* Foundation.framework */; };
		0C13B605184F88C1007FBA27 /* UIKit.framework in Frameworks */ = {isa = PBXBuildFile; fileRef = 0C13B5ED184F88C1007FBA27 /* UIKit.framework */; };
		0C13B619184F88F5007FBA27 /* MainStoryboard.storyboard in Resources */ = {isa = PBXBuildFile; fileRef = 0C13B618184F88F5007FBA27 /* MainStoryboard.storyboard */; };
		0C13B61C184F8925007FBA27 /* OCViewController.m in Sources */ = {isa = PBXBuildFile; fileRef = 0C13B61B184F8925007FBA27 /* OCViewController.m */; };
/* End PBXBuildFile section */

/* Begin PBXContainerItemProxy section */
		0C13B606184F88C1007FBA27 /* PBXContainerItemProxy */ = {
			isa = PBXContainerItemProxy;
			containerPortal = 0C13B5DE184F88C1007FBA27 /* Project object */;
			proxyType = 1;
			remoteGlobalIDString = 0C13B5E5184F88C1007FBA27;
			remoteInfo = OutletCollectionsOfLabels;
		};
/* End PBXContainerItemProxy section */

/* Begin PBXFileReference section */
		0C13B5E6184F88C1007FBA27 /* OutletCollectionsOfLabels.app */ = {isa = PBXFileReference; explicitFileType = wrapper.application; includeInIndex = 0; path = OutletCollectionsOfLabels.app; sourceTree = BUILT_PRODUCTS_DIR; };
		0C13B5E9184F88C1007FBA27 /* Foundation.framework */ = {isa = PBXFileReference; lastKnownFileType = wrapper.framework; name = Foundation.framework; path = System/Library/Frameworks/Foundation.framework; sourceTree = SDKROOT; };
		0C13B5EB184F88C1007FBA27 /* CoreGraphics.framework */ = {isa = PBXFileReference; lastKnownFileType = wrapper.framework; name = CoreGraphics.framework; path = System/Library/Frameworks/CoreGraphics.framework; sourceTree = SDKROOT; };
		0C13B5ED184F88C1007FBA27 /* UIKit.framework */ = {isa = PBXFileReference; lastKnownFileType = wrapper.framework; name = UIKit.framework; path = System/Library/Frameworks/UIKit.framework; sourceTree = SDKROOT; };
		0C13B5F1184F88C1007FBA27 /* OutletCollectionsOfLabels-Info.plist */ = {isa = PBXFileReference; lastKnownFileType = text.plist.xml; path = "OutletCollectionsOfLabels-Info.plist"; sourceTree = "<group>"; };
		0C13B5F3184F88C1007FBA27 /* en */ = {isa = PBXFileReference; lastKnownFileType = text.plist.strings; name = en; path = en.lproj/InfoPlist.strings; sourceTree = "<group>"; };
		0C13B5F5184F88C1007FBA27 /* main.m */ = {isa = PBXFileReference; lastKnownFileType = sourcecode.c.objc; path = main.m; sourceTree = "<group>"; };
		0C13B5F7184F88C1007FBA27 /* OutletCollectionsOfLabels-Prefix.pch */ = {isa = PBXFileReference; lastKnownFileType = sourcecode.c.h; path = "OutletCollectionsOfLabels-Prefix.pch"; sourceTree = "<group>"; };
		0C13B5F8184F88C1007FBA27 /* OCAppDelegate.h */ = {isa = PBXFileReference; lastKnownFileType = sourcecode.c.h; path = OCAppDelegate.h; sourceTree = "<group>"; };
		0C13B5F9184F88C1007FBA27 /* OCAppDelegate.m */ = {isa = PBXFileReference; lastKnownFileType = sourcecode.c.objc; path = OCAppDelegate.m; sourceTree = "<group>"; };
		0C13B5FB184F88C1007FBA27 /* Images.xcassets */ = {isa = PBXFileReference; lastKnownFileType = folder.assetcatalog; path = Images.xcassets; sourceTree = "<group>"; };
		0C13B601184F88C1007FBA27 /* OutletCollectionsOfLabelsTests.xctest */ = {isa = PBXFileReference; explicitFileType = wrapper.cfbundle; includeInIndex = 0; path = OutletCollectionsOfLabelsTests.xctest; sourceTree = BUILT_PRODUCTS_DIR; };
		0C13B602184F88C1007FBA27 /* XCTest.framework */ = {isa = PBXFileReference; lastKnownFileType = wrapper.framework; name = XCTest.framework; path = Library/Frameworks/XCTest.framework; sourceTree = DEVELOPER_DIR; };
		0C13B618184F88F5007FBA27 /* MainStoryboard.storyboard */ = {isa = PBXFileReference; fileEncoding = 4; lastKnownFileType = file.storyboard; path = MainStoryboard.storyboard; sourceTree = "<group>"; };
		0C13B61A184F8925007FBA27 /* OCViewController.h */ = {isa = PBXFileReference; fileEncoding = 4; lastKnownFileType = sourcecode.c.h; path = OCViewController.h; sourceTree = "<group>"; };
		0C13B61B184F8925007FBA27 /* OCViewController.m */ = {isa = PBXFileReference; fileEncoding = 4; lastKnownFileType = sourcecode.c.objc; path = OCViewController.m; sourceTree = "<group>"; };
/* End PBXFileReference section */

/* Begin PBXFrameworksBuildPhase section */
		0C13B5E3184F88C1007FBA27 /* Frameworks */ = {
			isa = PBXFrameworksBuildPhase;
			buildActionMask = 2147483647;
			files = (
				0C13B5EC184F88C1007FBA27 /* CoreGraphics.framework in Frameworks */,
				0C13B5EE184F88C1007FBA27 /* UIKit.framework in Frameworks */,
				0C13B5EA184F88C1007FBA27 /* Foundation.framework in Frameworks */,
			);
			runOnlyForDeploymentPostprocessing = 0;
		};
		0C13B5FE184F88C1007FBA27 /* Frameworks */ = {
			isa = PBXFrameworksBuildPhase;
			buildActionMask = 2147483647;
			files = (
				0C13B603184F88C1007FBA27 /* XCTest.framework in Frameworks */,
				0C13B605184F88C1007FBA27 /* UIKit.framework in Frameworks */,
				0C13B604184F88C1007FBA27 /* Foundation.framework in Frameworks */,
			);
			runOnlyForDeploymentPostprocessing = 0;
		};
/* End PBXFrameworksBuildPhase section */

/* Begin PBXGroup section */
		0C13B5DD184F88C1007FBA27 = {
			isa = PBXGroup;
			children = (
				0C13B5EF184F88C1007FBA27 /* OutletCollectionsOfLabels */,
				0C13B5E8184F88C1007FBA27 /* Frameworks */,
				0C13B5E7184F88C1007FBA27 /* Products */,
			);
			sourceTree = "<group>";
		};
		0C13B5E7184F88C1007FBA27 /* Products */ = {
			isa = PBXGroup;
			children = (
				0C13B5E6184F88C1007FBA27 /* OutletCollectionsOfLabels.app */,
				0C13B601184F88C1007FBA27 /* OutletCollectionsOfLabelsTests.xctest */,
			);
			name = Products;
			sourceTree = "<group>";
		};
		0C13B5E8184F88C1007FBA27 /* Frameworks */ = {
			isa = PBXGroup;
			children = (
				0C13B5E9184F88C1007FBA27 /* Foundation.framework */,
				0C13B5EB184F88C1007FBA27 /* CoreGraphics.framework */,
				0C13B5ED184F88C1007FBA27 /* UIKit.framework */,
				0C13B602184F88C1007FBA27 /* XCTest.framework */,
			);
			name = Frameworks;
			sourceTree = "<group>";
		};
		0C13B5EF184F88C1007FBA27 /* OutletCollectionsOfLabels */ = {
			isa = PBXGroup;
			children = (
				0C13B5F8184F88C1007FBA27 /* OCAppDelegate.h */,
				0C13B5F9184F88C1007FBA27 /* OCAppDelegate.m */,
				0C13B5FB184F88C1007FBA27 /* Images.xcassets */,
				0C13B5F0184F88C1007FBA27 /* Supporting Files */,
				0C13B618184F88F5007FBA27 /* MainStoryboard.storyboard */,
				0C13B61A184F8925007FBA27 /* OCViewController.h */,
				0C13B61B184F8925007FBA27 /* OCViewController.m */,
			);
			path = OutletCollectionsOfLabels;
			sourceTree = "<group>";
		};
		0C13B5F0184F88C1007FBA27 /* Supporting Files */ = {
			isa = PBXGroup;
			children = (
				0C13B5F1184F88C1007FBA27 /* OutletCollectionsOfLabels-Info.plist */,
				0C13B5F2184F88C1007FBA27 /* InfoPlist.strings */,
				0C13B5F5184F88C1007FBA27 /* main.m */,
				0C13B5F7184F88C1007FBA27 /* OutletCollectionsOfLabels-Prefix.pch */,
			);
			name = "Supporting Files";
			sourceTree = "<group>";
		};
/* End PBXGroup section */

/* Begin PBXNativeTarget section */
		0C13B5E5184F88C1007FBA27 /* OutletCollectionsOfLabels */ = {
			isa = PBXNativeTarget;
			buildConfigurationList = 0C13B612184F88C1007FBA27 /* Build configuration list for PBXNativeTarget "OutletCollectionsOfLabels" */;
			buildPhases = (
				0C13B5E2184F88C1007FBA27 /* Sources */,
				0C13B5E3184F88C1007FBA27 /* Frameworks */,
				0C13B5E4184F88C1007FBA27 /* Resources */,
			);
			buildRules = (
			);
			dependencies = (
			);
			name = OutletCollectionsOfLabels;
			productName = OutletCollectionsOfLabels;
			productReference = 0C13B5E6184F88C1007FBA27 /* OutletCollectionsOfLabels.app */;
			productType = "com.apple.product-type.application";
		};
		0C13B600184F88C1007FBA27 /* OutletCollectionsOfLabelsTests */ = {
			isa = PBXNativeTarget;
			buildConfigurationList = 0C13B615184F88C1007FBA27 /* Build configuration list for PBXNativeTarget "OutletCollectionsOfLabelsTests" */;
			buildPhases = (
				0C13B5FD184F88C1007FBA27 /* Sources */,
				0C13B5FE184F88C1007FBA27 /* Frameworks */,
				0C13B5FF184F88C1007FBA27 /* Resources */,
			);
			buildRules = (
			);
			dependencies = (
				0C13B607184F88C1007FBA27 /* PBXTargetDependency */,
			);
			name = OutletCollectionsOfLabelsTests;
			productName = OutletCollectionsOfLabelsTests;
			productReference = 0C13B601184F88C1007FBA27 /* OutletCollectionsOfLabelsTests.xctest */;
			productType = "com.apple.product-type.bundle.unit-test";
		};
/* End PBXNativeTarget section */

/* Begin PBXProject section */
		0C13B5DE184F88C1007FBA27 /* Project object */ = {
			isa = PBXProject;
			attributes = {
				CLASSPREFIX = OC;
				LastUpgradeCheck = 0500;
				ORGANIZATIONNAME = example;
				TargetAttributes = {
					0C13B600184F88C1007FBA27 = {
						TestTargetID = 0C13B5E5184F88C1007FBA27;
					};
				};
			};
			buildConfigurationList = 0C13B5E1184F88C1007FBA27 /* Build configuration list for PBXProject "OutletCollectionsOfLabels" */;
			compatibilityVersion = "Xcode 3.2";
			developmentRegion = English;
			hasScannedForEncodings = 0;
			knownRegions = (
				en,
			);
			mainGroup = 0C13B5DD184F88C1007FBA27;
			productRefGroup = 0C13B5E7184F88C1007FBA27 /* Products */;
			projectDirPath = "";
			projectRoot = "";
			targets = (
				0C13B5E5184F88C1007FBA27 /* OutletCollectionsOfLabels */,
				0C13B600184F88C1007FBA27 /* OutletCollectionsOfLabelsTests */,
			);
		};
/* End PBXProject section */

/* Begin PBXResourcesBuildPhase section */
		0C13B5E4184F88C1007FBA27 /* Resources */ = {
			isa = PBXResourcesBuildPhase;
			buildActionMask = 2147483647;
			files = (
				0C13B619184F88F5007FBA27 /* MainStoryboard.storyboard in Resources */,
				0C13B5F4184F88C1007FBA27 /* InfoPlist.strings in Resources */,
				0C13B5FC184F88C1007FBA27 /* Images.xcassets in Resources */,
			);
			runOnlyForDeploymentPostprocessing = 0;
		};
		0C13B5FF184F88C1007FBA27 /* Resources */ = {
			isa = PBXResourcesBuildPhase;
			buildActionMask = 2147483647;
			files = (
			);
			runOnlyForDeploymentPostprocessing = 0;
		};
/* End PBXResourcesBuildPhase section */

/* Begin PBXSourcesBuildPhase section */
		0C13B5E2184F88C1007FBA27 /* Sources */ = {
			isa = PBXSourcesBuildPhase;
			buildActionMask = 2147483647;
			files = (
				0C13B5FA184F88C1007FBA27 /* OCAppDelegate.m in Sources */,
				0C13B5F6184F88C1007FBA27 /* main.m in Sources */,
				0C13B61C184F8925007FBA27 /* OCViewController.m in Sources */,
			);
			runOnlyForDeploymentPostprocessing = 0;
		};
		0C13B5FD184F88C1007FBA27 /* Sources */ = {
			isa = PBXSourcesBuildPhase;
			buildActionMask = 2147483647;
			files = (
			);
			runOnlyForDeploymentPostprocessing = 0;
		};
/* End PBXSourcesBuildPhase section */

/* Begin PBXTargetDependency section */
		0C13B607184F88C1007FBA27 /* PBXTargetDependency */ = {
			isa = PBXTargetDependency;
			target = 0C13B5E5184F88C1007FBA27 /* OutletCollectionsOfLabels */;
			targetProxy = 0C13B606184F88C1007FBA27 /* PBXContainerItemProxy */;
		};
/* End PBXTargetDependency section */

/* Begin PBXVariantGroup section */
		0C13B5F2184F88C1007FBA27 /* InfoPlist.strings */ = {
			isa = PBXVariantGroup;
			children = (
				0C13B5F3184F88C1007FBA27 /* en */,
			);
			name = InfoPlist.strings;
			sourceTree = "<group>";
		};
/* End PBXVariantGroup section */

/* Begin XCBuildConfiguration section */
		0C13B610184F88C1007FBA27 /* Debug */ = {
			isa = XCBuildConfiguration;
			buildSettings = {
				ALWAYS_SEARCH_USER_PATHS = NO;
				ARCHS = "$(ARCHS_STANDARD_INCLUDING_64_BIT)";
				CLANG_CXX_LANGUAGE_STANDARD = "gnu++0x";
				CLANG_CXX_LIBRARY = "libc++";
				CLANG_ENABLE_MODULES = YES;
				CLANG_ENABLE_OBJC_ARC = YES;
				CLANG_WARN_BOOL_CONVERSION = YES;
				CLANG_WARN_CONSTANT_CONVERSION = YES;
				CLANG_WARN_DIRECT_OBJC_ISA_USAGE = YES_ERROR;
				CLANG_WARN_EMPTY_BODY = YES;
				CLANG_WARN_ENUM_CONVERSION = YES;
				CLANG_WARN_INT_CONVERSION = YES;
				CLANG_WARN_OBJC_ROOT_CLASS = YES_ERROR;
				CLANG_WARN__DUPLICATE_METHOD_MATCH = YES;
				"CODE_SIGN_IDENTITY[sdk=iphoneos*]" = "iPhone Developer";
				COPY_PHASE_STRIP = NO;
				GCC_C_LANGUAGE_STANDARD = gnu99;
				GCC_DYNAMIC_NO_PIC = NO;
				GCC_OPTIMIZATION_LEVEL = 0;
				GCC_PREPROCESSOR_DEFINITIONS = (
					"DEBUG=1",
					"$(inherited)",
				);
				GCC_SYMBOLS_PRIVATE_EXTERN = NO;
				GCC_WARN_64_TO_32_BIT_CONVERSION = YES;
				GCC_WARN_ABOUT_RETURN_TYPE = YES_ERROR;
				GCC_WARN_UNDECLARED_SELECTOR = YES;
				GCC_WARN_UNINITIALIZED_AUTOS = YES;
				GCC_WARN_UNUSED_FUNCTION = YES;
				GCC_WARN_UNUSED_VARIABLE = YES;
				IPHONEOS_DEPLOYMENT_TARGET = 7.0;
				ONLY_ACTIVE_ARCH = YES;
				SDKROOT = iphoneos;
			};
			name = Debug;
		};
		0C13B611184F88C1007FBA27 /* Release */ = {
			isa = XCBuildConfiguration;
			buildSettings = {
				ALWAYS_SEARCH_USER_PATHS = NO;
				ARCHS = "$(ARCHS_STANDARD_INCLUDING_64_BIT)";
				CLANG_CXX_LANGUAGE_STANDARD = "gnu++0x";
				CLANG_CXX_LIBRARY = "libc++";
				CLANG_ENABLE_MODULES = YES;
				CLANG_ENABLE_OBJC_ARC = YES;
				CLANG_WARN_BOOL_CONVERSION = YES;
				CLANG_WARN_CONSTANT_CONVERSION = YES;
				CLANG_WARN_DIRECT_OBJC_ISA_USAGE = YES_ERROR;
				CLANG_WARN_EMPTY_BODY = YES;
				CLANG_WARN_ENUM_CONVERSION = YES;
				CLANG_WARN_INT_CONVERSION = YES;
				CLANG_WARN_OBJC_ROOT_CLASS = YES_ERROR;
				CLANG_WARN__DUPLICATE_METHOD_MATCH = YES;
				"CODE_SIGN_IDENTITY[sdk=iphoneos*]" = "iPhone Developer";
				COPY_PHASE_STRIP = YES;
				ENABLE_NS_ASSERTIONS = NO;
				GCC_C_LANGUAGE_STANDARD = gnu99;
				GCC_WARN_64_TO_32_BIT_CONVERSION = YES;
				GCC_WARN_ABOUT_RETURN_TYPE = YES_ERROR;
				GCC_WARN_UNDECLARED_SELECTOR = YES;
				GCC_WARN_UNINITIALIZED_AUTOS = YES;
				GCC_WARN_UNUSED_FUNCTION = YES;
				GCC_WARN_UNUSED_VARIABLE = YES;
				IPHONEOS_DEPLOYMENT_TARGET = 7.0;
				SDKROOT = iphoneos;
				VALIDATE_PRODUCT = YES;
			};
			name = Release;
		};
		0C13B613184F88C1007FBA27 /* Debug */ = {
			isa = XCBuildConfiguration;
			buildSettings = {
				ASSETCATALOG_COMPILER_APPICON_NAME = AppIcon;
				ASSETCATALOG_COMPILER_LAUNCHIMAGE_NAME = LaunchImage;
				GCC_PRECOMPILE_PREFIX_HEADER = YES;
				GCC_PREFIX_HEADER = "OutletCollectionsOfLabels/OutletCollectionsOfLabels-Prefix.pch";
				INFOPLIST_FILE = "OutletCollectionsOfLabels/OutletCollectionsOfLabels-Info.plist";
				PRODUCT_NAME = "$(TARGET_NAME)";
				WRAPPER_EXTENSION = app;
			};
			name = Debug;
		};
		0C13B614184F88C1007FBA27 /* Release */ = {
			isa = XCBuildConfiguration;
			buildSettings = {
				ASSETCATALOG_COMPILER_APPICON_NAME = AppIcon;
				ASSETCATALOG_COMPILER_LAUNCHIMAGE_NAME = LaunchImage;
				GCC_PRECOMPILE_PREFIX_HEADER = YES;
				GCC_PREFIX_HEADER = "OutletCollectionsOfLabels/OutletCollectionsOfLabels-Prefix.pch";
				INFOPLIST_FILE = "OutletCollectionsOfLabels/OutletCollectionsOfLabels-Info.plist";
				PRODUCT_NAME = "$(TARGET_NAME)";
				WRAPPER_EXTENSION = app;
			};
			name = Release;
		};
		0C13B616184F88C1007FBA27 /* Debug */ = {
			isa = XCBuildConfiguration;
			buildSettings = {
				ARCHS = "$(ARCHS_STANDARD_INCLUDING_64_BIT)";
				BUNDLE_LOADER = "$(BUILT_PRODUCTS_DIR)/OutletCollectionsOfLabels.app/OutletCollectionsOfLabels";
				FRAMEWORK_SEARCH_PATHS = (
					"$(SDKROOT)/Developer/Library/Frameworks",
					"$(inherited)",
					"$(DEVELOPER_FRAMEWORKS_DIR)",
				);
				GCC_PRECOMPILE_PREFIX_HEADER = YES;
				GCC_PREFIX_HEADER = "OutletCollectionsOfLabels/OutletCollectionsOfLabels-Prefix.pch";
				GCC_PREPROCESSOR_DEFINITIONS = (
					"DEBUG=1",
					"$(inherited)",
				);
				INFOPLIST_FILE = "OutletCollectionsOfLabelsTests/OutletCollectionsOfLabelsTests-Info.plist";
				PRODUCT_NAME = "$(TARGET_NAME)";
				TEST_HOST = "$(BUNDLE_LOADER)";
				WRAPPER_EXTENSION = xctest;
			};
			name = Debug;
		};
		0C13B617184F88C1007FBA27 /* Release */ = {
			isa = XCBuildConfiguration;
			buildSettings = {
				ARCHS = "$(ARCHS_STANDARD_INCLUDING_64_BIT)";
				BUNDLE_LOADER = "$(BUILT_PRODUCTS_DIR)/OutletCollectionsOfLabels.app/OutletCollectionsOfLabels";
				FRAMEWORK_SEARCH_PATHS = (
					"$(SDKROOT)/Developer/Library/Frameworks",
					"$(inherited)",
					"$(DEVELOPER_FRAMEWORKS_DIR)",
				);
				GCC_PRECOMPILE_PREFIX_HEADER = YES;
				GCC_PREFIX_HEADER = "OutletCollectionsOfLabels/OutletCollectionsOfLabels-Prefix.pch";
				INFOPLIST_FILE = "OutletCollectionsOfLabelsTests/OutletCollectionsOfLabelsTests-Info.plist";
				PRODUCT_NAME = "$(TARGET_NAME)";
				TEST_HOST = "$(BUNDLE_LOADER)";
				WRAPPER_EXTENSION = xctest;
			};
			name = Release;
		};
/* End XCBuildConfiguration section */

/* Begin XCConfigurationList section */
		0C13B5E1184F88C1007FBA27 /* Build configuration list for PBXProject "OutletCollectionsOfLabels" */ = {
			isa = XCConfigurationList;
			buildConfigurations = (
				0C13B610184F88C1007FBA27 /* Debug */,
				0C13B611184F88C1007FBA27 /* Release */,
			);
			defaultConfigurationIsVisible = 0;
			defaultConfigurationName = Release;
		};
		0C13B612184F88C1007FBA27 /* Build configuration list for PBXNativeTarget "OutletCollectionsOfLabels" */ = {
			isa = XCConfigurationList;
			buildConfigurations = (
				0C13B613184F88C1007FBA27 /* Debug */,
				0C13B614184F88C1007FBA27 /* Release */,
			);
			defaultConfigurationIsVisible = 0;
		};
		0C13B615184F88C1007FBA27 /* Build configuration list for PBXNativeTarget "OutletCollectionsOfLabelsTests" */ = {
			isa = XCConfigurationList;
			buildConfigurations = (
				0C13B616184F88C1007FBA27 /* Debug */,
				0C13B617184F88C1007FBA27 /* Release */,
			);
			defaultConfigurationIsVisible = 0;
		};
/* End XCConfigurationList section */
	};
	rootObject = 0C13B5DE184F88C1007FBA27 /* Project object */;
}
